// !$*UTF8*$!
{
	archiveVersion = 1;
	classes = {
	};
	objectVersion = 46;
	objects = {

/* Begin PBXBuildFile section */
		65D295891D18C82A00DCF549 /* AppDelegate.swift in Sources */ = {isa = PBXBuildFile; fileRef = 65D295881D18C82A00DCF549 /* AppDelegate.swift */; };
		65D2958B1D18C82A00DCF549 /* ViewController.swift in Sources */ = {isa = PBXBuildFile; fileRef = 65D2958A1D18C82A00DCF549 /* ViewController.swift */; };
		65D2958E1D18C82A00DCF549 /* Main.storyboard in Resources */ = {isa = PBXBuildFile; fileRef = 65D2958C1D18C82A00DCF549 /* Main.storyboard */; };
		65D295901D18C82A00DCF549 /* Assets.xcassets in Resources */ = {isa = PBXBuildFile; fileRef = 65D2958F1D18C82A00DCF549 /* Assets.xcassets */; };
		65D295931D18C82A00DCF549 /* LaunchScreen.storyboard in Resources */ = {isa = PBXBuildFile; fileRef = 65D295911D18C82A00DCF549 /* LaunchScreen.storyboard */; };
/* End PBXBuildFile section */

/* Begin PBXFileReference section */
		65D295851D18C82A00DCF549 /* lecture1.app */ = {isa = PBXFileReference; explicitFileType = wrapper.application; includeInIndex = 0; path = lecture1.app; sourceTree = BUILT_PRODUCTS_DIR; };
		65D295881D18C82A00DCF549 /* AppDelegate.swift */ = {isa = PBXFileReference; lastKnownFileType = sourcecode.swift; path = AppDelegate.swift; sourceTree = "<group>"; };
		65D2958A1D18C82A00DCF549 /* ViewController.swift */ = {isa = PBXFileReference; lastKnownFileType = sourcecode.swift; path = ViewController.swift; sourceTree = "<group>"; };
		65D2958D1D18C82A00DCF549 /* Base */ = {isa = PBXFileReference; lastKnownFileType = file.storyboard; name = Base; path = Base.lproj/Main.storyboard; sourceTree = "<group>"; };
		65D2958F1D18C82A00DCF549 /* Assets.xcassets */ = {isa = PBXFileReference; lastKnownFileType = folder.assetcatalog; path = Assets.xcassets; sourceTree = "<group>"; };
		65D295921D18C82A00DCF549 /* Base */ = {isa = PBXFileReference; lastKnownFileType = file.storyboard; name = Base; path = Base.lproj/LaunchScreen.storyboard; sourceTree = "<group>"; };
		65D295941D18C82A00DCF549 /* Info.plist */ = {isa = PBXFileReference; lastKnownFileType = text.plist.xml; path = Info.plist; sourceTree = "<group>"; };
/* End PBXFileReference section */

/* Begin PBXFrameworksBuildPhase section */
		65D295821D18C82A00DCF549 /* Frameworks */ = {
			isa = PBXFrameworksBuildPhase;
			buildActionMask = 2147483647;
			files = (
			);
			runOnlyForDeploymentPostprocessing = 0;
		};
/* End PBXFrameworksBuildPhase section */

/* Begin PBXGroup section */
		65D2957C1D18C82A00DCF549 = {
			isa = PBXGroup;
			children = (
				65D295871D18C82A00DCF549 /* lecture1 */,
				65D295861D18C82A00DCF549 /* Products */,
			);
			sourceTree = "<group>";
		};
		65D295861D18C82A00DCF549 /* Products */ = {
			isa = PBXGroup;
			children = (
				65D295851D18C82A00DCF549 /* lecture1.app */,
			);
			name = Products;
			sourceTree = "<group>";
		};
		65D295871D18C82A00DCF549 /* lecture1 */ = {
			isa = PBXGroup;
			children = (
				65D295881D18C82A00DCF549 /* AppDelegate.swift */,
				65D2958A1D18C82A00DCF549 /* ViewController.swift */,
				65D2958C1D18C82A00DCF549 /* Main.storyboard */,
				65D2958F1D18C82A00DCF549 /* Assets.xcassets */,
				65D295911D18C82A00DCF549 /* LaunchScreen.storyboard */,
				65D295941D18C82A00DCF549 /* Info.plist */,
			);
			path = lecture1;
			sourceTree = "<group>";
		};
/* End PBXGroup section */

/* Begin PBXNativeTarget section */
		65D295841D18C82A00DCF549 /* lecture1 */ = {
			isa = PBXNativeTarget;
			buildConfigurationList = 65D295971D18C82A00DCF549 /* Build configuration list for PBXNativeTarget "lecture1" */;
			buildPhases = (
				65D295811D18C82A00DCF549 /* Sources */,
				65D295821D18C82A00DCF549 /* Frameworks */,
				65D295831D18C82A00DCF549 /* Resources */,
			);
			buildRules = (
			);
			dependencies = (
			);
			name = lecture1;
			productName = lecture1;
			productReference = 65D295851D18C82A00DCF549 /* lecture1.app */;
			productType = "com.apple.product-type.application";
		};
/* End PBXNativeTarget section */

/* Begin PBXProject section */
		65D2957D1D18C82A00DCF549 /* Project object */ = {
			isa = PBXProject;
			attributes = {
				LastSwiftUpdateCheck = 0730;
				LastUpgradeCheck = 0730;
				ORGANIZATIONNAME = BaseZen;
				TargetAttributes = {
					65D295841D18C82A00DCF549 = {
						CreatedOnToolsVersion = 7.3.1;
					};
				};
			};
			buildConfigurationList = 65D295801D18C82A00DCF549 /* Build configuration list for PBXProject "lecture1" */;
			compatibilityVersion = "Xcode 3.2";
			developmentRegion = English;
			hasScannedForEncodings = 0;
			knownRegions = (
				en,
				Base,
			);
			mainGroup = 65D2957C1D18C82A00DCF549;
			productRefGroup = 65D295861D18C82A00DCF549 /* Products */;
			projectDirPath = "";
			projectRoot = "";
			targets = (
				65D295841D18C82A00DCF549 /* lecture1 */,
			);
		};
/* End PBXProject section */

/* Begin PBXResourcesBuildPhase section */
		65D295831D18C82A00DCF549 /* Resources */ = {
			isa = PBXResourcesBuildPhase;
			buildActionMask = 2147483647;
			files = (
				65D295931D18C82A00DCF549 /* LaunchScreen.storyboard in Resources */,
				65D295901D18C82A00DCF549 /* Assets.xcassets in Resources */,
				65D2958E1D18C82A00DCF549 /* Main.storyboard in Resources */,
			);
			runOnlyForDeploymentPostprocessing = 0;
		};
/* End PBXResourcesBuildPhase section */

/* Begin PBXSourcesBuildPhase section */
		65D295811D18C82A00DCF549 /* Sources */ = {
			isa = PBXSourcesBuildPhase;
			buildActionMask = 2147483647;
			files = (
				65D2958B1D18C82A00DCF549 /* ViewController.swift in Sources */,
				65D295891D18C82A00DCF549 /* AppDelegate.swift in Sources */,
			);
			runOnlyForDeploymentPostprocessing = 0;
		};
/* End PBXSourcesBuildPhase section */

/* Begin PBXVariantGroup section */
		65D2958C1D18C82A00DCF549 /* Main.storyboard */ = {
			isa = PBXVariantGroup;
			children = (
				65D2958D1D18C82A00DCF549 /* Base */,
			);
			name = Main.storyboard;
			sourceTree = "<group>";
		};
		65D295911D18C82A00DCF549 /* LaunchScreen.storyboard */ = {
			isa = PBXVariantGroup;
			children = (
				65D295921D18C82A00DCF549 /* Base */,
			);
			name = LaunchScreen.storyboard;
			sourceTree = "<group>";
		};
/* End PBXVariantGroup section */

/* Begin XCBuildConfiguration section */
		65D295951D18C82A00DCF549 /* Debug */ = {
			isa = XCBuildConfiguration;
			buildSettings = {
				ALWAYS_SEARCH_USER_PATHS = NO;
				CLANG_ANALYZER_NONNULL = YES;
				CLANG_CXX_LANGUAGE_STANDARD = "gnu++0x";
				CLANG_CXX_LIBRARY = "libc++";
				CLANG_ENABLE_MODULES = YES;
				CLANG_ENABLE_OBJC_ARC = YES;
				CLANG_WARN_BOOL_CONVERSION = YES;
				CLANG_WARN_CONSTANT_CONVERSION = YES;
				CLANG_WARN_DIRECT_OBJC_ISA_USAGE = YES_ERROR;
				CLANG_WARN_EMPTY_BODY = YES;
				CLANG_WARN_ENUM_CONVERSION = YES;
				CLANG_WARN_INT_CONVERSION = YES;
				CLANG_WARN_OBJC_ROOT_CLASS = YES_ERROR;
				CLANG_WARN_UNREACHABLE_CODE = YES;
				CLANG_WARN__DUPLICATE_METHOD_MATCH = YES;
				"CODE_SIGN_IDENTITY[sdk=iphoneos*]" = "iPhone Developer";
				COPY_PHASE_STRIP = NO;
				DEBUG_INFORMATION_FORMAT = dwarf;
				ENABLE_STRICT_OBJC_MSGSEND = YES;
				ENABLE_TESTABILITY = YES;
				GCC_C_LANGUAGE_STANDARD = gnu99;
				GCC_DYNAMIC_NO_PIC = NO;
				GCC_NO_COMMON_BLOCKS = YES;
				GCC_OPTIMIZATION_LEVEL = 0;
				GCC_PREPROCESSOR_DEFINITIONS = (
					"DEBUG=1",
					"$(inherited)",
				);
				GCC_WARN_64_TO_32_BIT_CONVERSION = YES;
				GCC_WARN_ABOUT_RETURN_TYPE = YES_ERROR;
				GCC_WARN_UNDECLARED_SELECTOR = YES;
				GCC_WARN_UNINITIALIZED_AUTOS = YES_AGGRESSIVE;
				GCC_WARN_UNUSED_FUNCTION = YES;
				GCC_WARN_UNUSED_VARIABLE = YES;
				IPHONEOS_DEPLOYMENT_TARGET = 9.3;
				MTL_ENABLE_DEBUG_INFO = YES;
				ONLY_ACTIVE_ARCH = YES;
				SDKROOT = iphoneos;
				SWIFT_OPTIMIZATION_LEVEL = "-Onone";
				TARGETED_DEVICE_FAMILY = "1,2";
			};
			name = Debug;
		};
		65D295961D18C82A00DCF549 /* Release */ = {
			isa = XCBuildConfiguration;
			buildSettings = {
				ALWAYS_SEARCH_USER_PATHS = NO;
				CLANG_ANALYZER_NONNULL = YES;
				CLANG_CXX_LANGUAGE_STANDARD = "gnu++0x";
				CLANG_CXX_LIBRARY = "libc++";
				CLANG_ENABLE_MODULES = YES;
				CLANG_ENABLE_OBJC_ARC = YES;
				CLANG_WARN_BOOL_CONVERSION = YES;
				CLANG_WARN_CONSTANT_CONVERSION = YES;
				CLANG_WARN_DIRECT_OBJC_ISA_USAGE = YES_ERROR;
				CLANG_WARN_EMPTY_BODY = YES;
				CLANG_WARN_ENUM_CONVERSION = YES;
				CLANG_WARN_INT_CONVERSION = YES;
				CLANG_WARN_OBJC_ROOT_CLASS = YES_ERROR;
				CLANG_WARN_UNREACHABLE_CODE = YES;
				CLANG_WARN__DUPLICATE_METHOD_MATCH = YES;
				"CODE_SIGN_IDENTITY[sdk=iphoneos*]" = "iPhone Developer";
				COPY_PHASE_STRIP = NO;
				DEBUG_INFORMATION_FORMAT = "dwarf-with-dsym";
				ENABLE_NS_ASSERTIONS = NO;
				ENABLE_STRICT_OBJC_MSGSEND = YES;
				GCC_C_LANGUAGE_STANDARD = gnu99;
				GCC_NO_COMMON_BLOCKS = YES;
				GCC_WARN_64_TO_32_BIT_CONVERSION = YES;
				GCC_WARN_ABOUT_RETURN_TYPE = YES_ERROR;
				GCC_WARN_UNDECLARED_SELECTOR = YES;
				GCC_WARN_UNINITIALIZED_AUTOS = YES_AGGRESSIVE;
				GCC_WARN_UNUSED_FUNCTION = YES;
				GCC_WARN_UNUSED_VARIABLE = YES;
				IPHONEOS_DEPLOYMENT_TARGET = 9.3;
				MTL_ENABLE_DEBUG_INFO = NO;
				SDKROOT = iphoneos;
				TARGETED_DEVICE_FAMILY = "1,2";
				VALIDATE_PRODUCT = YES;
			};
			name = Release;
		};
		65D295981D18C82A00DCF549 /* Debug */ = {
			isa = XCBuildConfiguration;
			buildSettings = {
				ASSETCATALOG_COMPILER_APPICON_NAME = AppIcon;
				INFOPLIST_FILE = lecture1/Info.plist;
				LD_RUNPATH_SEARCH_PATHS = "$(inherited) @executable_path/Frameworks";
				PRODUCT_BUNDLE_IDENTIFIER = com.basezen.lecture1;
				PRODUCT_NAME = "$(TARGET_NAME)";
			};
			name = Debug;
		};
		65D295991D18C82A00DCF549 /* Release */ = {
			isa = XCBuildConfiguration;
			buildSettings = {
				ASSETCATALOG_COMPILER_APPICON_NAME = AppIcon;
				INFOPLIST_FILE = lecture1/Info.plist;
				LD_RUNPATH_SEARCH_PATHS = "$(inherited) @executable_path/Frameworks";
				PRODUCT_BUNDLE_IDENTIFIER = com.basezen.lecture1;
				PRODUCT_NAME = "$(TARGET_NAME)";
			};
			name = Release;
		};
/* End XCBuildConfiguration section */

/* Begin XCConfigurationList section */
		65D295801D18C82A00DCF549 /* Build configuration list for PBXProject "lecture1" */ = {
			isa = XCConfigurationList;
			buildConfigurations = (
				65D295951D18C82A00DCF549 /* Debug */,
				65D295961D18C82A00DCF549 /* Release */,
			);
			defaultConfigurationIsVisible = 0;
			defaultConfigurationName = Release;
		};
		65D295971D18C82A00DCF549 /* Build configuration list for PBXNativeTarget "lecture1" */ = {
			isa = XCConfigurationList;
			buildConfigurations = (
				65D295981D18C82A00DCF549 /* Debug */,
				65D295991D18C82A00DCF549 /* Release */,
			);
			defaultConfigurationIsVisible = 0;
		};
/* End XCConfigurationList section */
	};
	rootObject = 65D2957D1D18C82A00DCF549 /* Project object */;
}
